
Microsoft Visual Studio Solution File, Format Version 12.00
# Visual Studio Version 17
VisualStudioVersion = 17.3.32819.101
MinimumVisualStudioVersion = 10.0.40219.1
Project("{FAE04EC0-301F-11D3-BF4B-00C04F79EFBC}") = "OOP", "OOP\OOP.csproj", "{28198256-8D58-4D46-A6DD-6FD572871D04}"
EndProject
Global
	GlobalSection(SolutionConfigurationPlatforms) = preSolution
		Debug|Any CPU = Debug|Any CPU
		Release|Any CPU = Release|Any CPU
	EndGlobalSection
	GlobalSection(ProjectConfigurationPlatforms) = postSolution
		{28198256-8D58-4D46-A6DD-6FD572871D04}.Debug|Any CPU.ActiveCfg = Debug|Any CPU
		{28198256-8D58-4D46-A6DD-6FD572871D04}.Debug|Any CPU.Build.0 = Debug|Any CPU
		{28198256-8D58-4D46-A6DD-6FD572871D04}.Release|Any CPU.ActiveCfg = Release|Any CPU
		{28198256-8D58-4D46-A6DD-6FD572871D04}.Release|Any CPU.Build.0 = Release|Any CPU
	EndGlobalSection
	GlobalSection(SolutionProperties) = preSolution
		HideSolutionNode = FALSE
	EndGlobalSection
	GlobalSection(ExtensibilityGlobals) = postSolution
		SolutionGuid = {73DB6E3A-EF3D-47B9-A701-CBC8BDB1B8CF}
	EndGlobalSection
EndGlobal
